// !$*UTF8*$!
{
	archiveVersion = 1;
	classes = {
	};
	objectVersion = 45;
	objects = {

/* Begin PBXBuildFile section */
		1D60589F0D05DD5A006BFB54 /* Foundation.framework in Frameworks */ = {isa = PBXBuildFile; fileRef = 1D30AB110D05D00D00671497 /* Foundation.framework */; };
		1DF5F4E00D08C38300B7A737 /* UIKit.framework in Frameworks */ = {isa = PBXBuildFile; fileRef = 1DF5F4DF0D08C38300B7A737 /* UIKit.framework */; };
		288765FD0DF74451002DB57D /* CoreGraphics.framework in Frameworks */ = {isa = PBXBuildFile; fileRef = 288765FC0DF74451002DB57D /* CoreGraphics.framework */; };
		28AD733F0D9D9553002E5188 /* MainWindow.xib in Resources */ = {isa = PBXBuildFile; fileRef = 28AD733E0D9D9553002E5188 /* MainWindow.xib */; };
		C9E4C71F11B66A1B0092185F /* Delegate.mm in Sources */ = {isa = PBXBuildFile; fileRef = C9E4C71D11B66A1B0092185F /* Delegate.mm */; };
		C9E4C72011B66A1B0092185F /* main.m in Sources */ = {isa = PBXBuildFile; fileRef = C9E4C71E11B66A1B0092185F /* main.m */; };
		C9E4C78C11B684DD0092185F /* Application.cpp in Sources */ = {isa = PBXBuildFile; fileRef = C9E4C78B11B684DD0092185F /* Application.cpp */; };
		C9F2D09311B6944100F16BF3 /* SceneManager.cpp in Sources */ = {isa = PBXBuildFile; fileRef = C9F2D09211B6944100F16BF3 /* SceneManager.cpp */; };
		C9F2D0BD11B695A300F16BF3 /* readme.txt in Resources */ = {isa = PBXBuildFile; fileRef = C9F2D0B911B695A300F16BF3 /* readme.txt */; };
		C9F2D0BE11B695A300F16BF3 /* mmgr.cpp in Sources */ = {isa = PBXBuildFile; fileRef = C9F2D0BC11B695A300F16BF3 /* mmgr.cpp */; };
/* End PBXBuildFile section */

/* Begin PBXFileReference section */
		1D30AB110D05D00D00671497 /* Foundation.framework */ = {isa = PBXFileReference; lastKnownFileType = wrapper.framework; name = Foundation.framework; path = System/Library/Frameworks/Foundation.framework; sourceTree = SDKROOT; };
		1D6058910D05DD3D006BFB54 /* project.app */ = {isa = PBXFileReference; explicitFileType = wrapper.application; includeInIndex = 0; path = project.app; sourceTree = BUILT_PRODUCTS_DIR; };
		1DF5F4DF0D08C38300B7A737 /* UIKit.framework */ = {isa = PBXFileReference; lastKnownFileType = wrapper.framework; name = UIKit.framework; path = System/Library/Frameworks/UIKit.framework; sourceTree = SDKROOT; };
		288765FC0DF74451002DB57D /* CoreGraphics.framework */ = {isa = PBXFileReference; lastKnownFileType = wrapper.framework; name = CoreGraphics.framework; path = System/Library/Frameworks/CoreGraphics.framework; sourceTree = SDKROOT; };
		28AD733E0D9D9553002E5188 /* MainWindow.xib */ = {isa = PBXFileReference; lastKnownFileType = file.xib; path = MainWindow.xib; sourceTree = "<group>"; };
		32CA4F630368D1EE00C91783 /* project_Prefix.pch */ = {isa = PBXFileReference; fileEncoding = 4; lastKnownFileType = sourcecode.c.h; path = project_Prefix.pch; sourceTree = "<group>"; };
		8D1107310486CEB800E47090 /* Info.plist */ = {isa = PBXFileReference; fileEncoding = 4; lastKnownFileType = text.plist.xml; path = Info.plist; sourceTree = "<group>"; };
		C9E4C6F311B662FA0092185F /* Delegate.h */ = {isa = PBXFileReference; fileEncoding = 4; lastKnownFileType = sourcecode.c.h; name = Delegate.h; path = Include/Delegate.h; sourceTree = "<group>"; };
		C9E4C71D11B66A1B0092185F /* Delegate.mm */ = {isa = PBXFileReference; fileEncoding = 4; lastKnownFileType = sourcecode.cpp.objcpp; name = Delegate.mm; path = Source/Delegate.mm; sourceTree = "<group>"; };
		C9E4C71E11B66A1B0092185F /* main.m */ = {isa = PBXFileReference; fileEncoding = 4; lastKnownFileType = sourcecode.c.objc; name = main.m; path = Source/main.m; sourceTree = "<group>"; };
		C9E4C74711B670920092185F /* Application.h */ = {isa = PBXFileReference; fileEncoding = 4; lastKnownFileType = sourcecode.c.h; name = Application.h; path = Include/Application.h; sourceTree = "<group>"; };
		C9E4C78B11B684DD0092185F /* Application.cpp */ = {isa = PBXFileReference; fileEncoding = 4; lastKnownFileType = sourcecode.cpp.cpp; name = Application.cpp; path = Source/Application.cpp; sourceTree = "<group>"; };
		C9F2D05C11B691D800F16BF3 /* Untitled-Info.plist */ = {isa = PBXFileReference; lastKnownFileType = text.plist.xml; path = "Untitled-Info.plist"; sourceTree = "<group>"; };
		C9F2D09211B6944100F16BF3 /* SceneManager.cpp */ = {isa = PBXFileReference; fileEncoding = 4; lastKnownFileType = sourcecode.cpp.cpp; name = SceneManager.cpp; path = ../../Source/Scene/SceneManager.cpp; sourceTree = SOURCE_ROOT; };
		C9F2D0A011B694A000F16BF3 /* SceneManager.h */ = {isa = PBXFileReference; fileEncoding = 4; lastKnownFileType = sourcecode.c.h; name = SceneManager.h; path = ../../Include/Pxf/Scene/SceneManager.h; sourceTree = SOURCE_ROOT; };
		C9F2D0B911B695A300F16BF3 /* readme.txt */ = {isa = PBXFileReference; fileEncoding = 4; lastKnownFileType = text; name = readme.txt; path = ../../Include/Pxf/Util/MemoryManager/readme.txt; sourceTree = SOURCE_ROOT; };
		C9F2D0BA11B695A300F16BF3 /* nommgr.h */ = {isa = PBXFileReference; fileEncoding = 4; lastKnownFileType = sourcecode.c.h; name = nommgr.h; path = ../../Include/Pxf/Util/MemoryManager/nommgr.h; sourceTree = SOURCE_ROOT; };
		C9F2D0BB11B695A300F16BF3 /* mmgr.h */ = {isa = PBXFileReference; fileEncoding = 4; lastKnownFileType = sourcecode.c.h; name = mmgr.h; path = ../../Include/Pxf/Util/MemoryManager/mmgr.h; sourceTree = SOURCE_ROOT; };
		C9F2D0BC11B695A300F16BF3 /* mmgr.cpp */ = {isa = PBXFileReference; fileEncoding = 4; lastKnownFileType = sourcecode.cpp.cpp; name = mmgr.cpp; path = ../../Include/Pxf/Util/MemoryManager/mmgr.cpp; sourceTree = SOURCE_ROOT; };
/* End PBXFileReference section */

/* Begin PBXFrameworksBuildPhase section */
		1D60588F0D05DD3D006BFB54 /* Frameworks */ = {
			isa = PBXFrameworksBuildPhase;
			buildActionMask = 2147483647;
			files = (
				1D60589F0D05DD5A006BFB54 /* Foundation.framework in Frameworks */,
				1DF5F4E00D08C38300B7A737 /* UIKit.framework in Frameworks */,
				288765FD0DF74451002DB57D /* CoreGraphics.framework in Frameworks */,
			);
			runOnlyForDeploymentPostprocessing = 0;
		};
/* End PBXFrameworksBuildPhase section */

/* Begin PBXGroup section */
		19C28FACFE9D520D11CA2CBB /* Products */ = {
			isa = PBXGroup;
			children = (
				1D6058910D05DD3D006BFB54 /* project.app */,
			);
			name = Products;
			sourceTree = "<group>";
		};
		29B97314FDCFA39411CA2CEA /* CustomTemplate */ = {
			isa = PBXGroup;
			children = (
				C9E4C6ED11B65C770092185F /* Include */,
				C9E4C70711B66A0F0092185F /* Source */,
				29B97315FDCFA39411CA2CEA /* Other Sources */,
				29B97317FDCFA39411CA2CEA /* Resources */,
				29B97323FDCFA39411CA2CEA /* Frameworks */,
				19C28FACFE9D520D11CA2CBB /* Products */,
				C9F2D05C11B691D800F16BF3 /* Untitled-Info.plist */,
			);
			name = CustomTemplate;
			sourceTree = "<group>";
		};
		29B97315FDCFA39411CA2CEA /* Other Sources */ = {
			isa = PBXGroup;
			children = (
				32CA4F630368D1EE00C91783 /* project_Prefix.pch */,
			);
			name = "Other Sources";
			sourceTree = "<group>";
		};
		29B97317FDCFA39411CA2CEA /* Resources */ = {
			isa = PBXGroup;
			children = (
				28AD733E0D9D9553002E5188 /* MainWindow.xib */,
				8D1107310486CEB800E47090 /* Info.plist */,
			);
			name = Resources;
			sourceTree = "<group>";
		};
		29B97323FDCFA39411CA2CEA /* Frameworks */ = {
			isa = PBXGroup;
			children = (
				1DF5F4DF0D08C38300B7A737 /* UIKit.framework */,
				1D30AB110D05D00D00671497 /* Foundation.framework */,
				288765FC0DF74451002DB57D /* CoreGraphics.framework */,
			);
			name = Frameworks;
			sourceTree = "<group>";
		};
		C9E4C6ED11B65C770092185F /* Include */ = {
			isa = PBXGroup;
			children = (
				C9F2D09C11B6948C00F16BF3 /* Pxf */,
				C9E4C6F311B662FA0092185F /* Delegate.h */,
				C9E4C74711B670920092185F /* Application.h */,
			);
			name = Include;
			sourceTree = "<group>";
		};
		C9E4C70711B66A0F0092185F /* Source */ = {
			isa = PBXGroup;
			children = (
				C9F2D08311B6942700F16BF3 /* Pxf */,
				C9E4C71D11B66A1B0092185F /* Delegate.mm */,
				C9E4C71E11B66A1B0092185F /* main.m */,
				C9E4C78B11B684DD0092185F /* Application.cpp */,
			);
			name = Source;
			sourceTree = "<group>";
		};
		C9F2D08311B6942700F16BF3 /* Pxf */ = {
			isa = PBXGroup;
			children = (
				C9F2D08411B6943100F16BF3 /* Scene */,
			);
			name = Pxf;
			sourceTree = "<group>";
		};
		C9F2D08411B6943100F16BF3 /* Scene */ = {
			isa = PBXGroup;
			children = (
				C9F2D09211B6944100F16BF3 /* SceneManager.cpp */,
			);
			name = Scene;
			sourceTree = "<group>";
		};
		C9F2D09C11B6948C00F16BF3 /* Pxf */ = {
			isa = PBXGroup;
			children = (
				C9F2D0AB11B6957F00F16BF3 /* Util */,
				C9F2D09D11B6949500F16BF3 /* Scene */,
			);
			name = Pxf;
			sourceTree = "<group>";
		};
		C9F2D09D11B6949500F16BF3 /* Scene */ = {
			isa = PBXGroup;
			children = (
				C9F2D0A011B694A000F16BF3 /* SceneManager.h */,
			);
			name = Scene;
			sourceTree = "<group>";
		};
		C9F2D0AB11B6957F00F16BF3 /* Util */ = {
			isa = PBXGroup;
			children = (
				C9F2D0B611B6958C00F16BF3 /* MemoryManager */,
			);
			name = Util;
			sourceTree = "<group>";
		};
		C9F2D0B611B6958C00F16BF3 /* MemoryManager */ = {
			isa = PBXGroup;
			children = (
				C9F2D0B911B695A300F16BF3 /* readme.txt */,
				C9F2D0BA11B695A300F16BF3 /* nommgr.h */,
				C9F2D0BB11B695A300F16BF3 /* mmgr.h */,
				C9F2D0BC11B695A300F16BF3 /* mmgr.cpp */,
			);
			name = MemoryManager;
			sourceTree = "<group>";
		};
/* End PBXGroup section */

/* Begin PBXNativeTarget section */
		1D6058900D05DD3D006BFB54 /* project */ = {
			isa = PBXNativeTarget;
			buildConfigurationList = 1D6058960D05DD3E006BFB54 /* Build configuration list for PBXNativeTarget "project" */;
			buildPhases = (
				1D60588D0D05DD3D006BFB54 /* Resources */,
				1D60588E0D05DD3D006BFB54 /* Sources */,
				1D60588F0D05DD3D006BFB54 /* Frameworks */,
			);
			buildRules = (
			);
			dependencies = (
			);
			name = project;
			productName = project;
			productReference = 1D6058910D05DD3D006BFB54 /* project.app */;
			productType = "com.apple.product-type.application";
		};
/* End PBXNativeTarget section */

/* Begin PBXProject section */
		29B97313FDCFA39411CA2CEA /* Project object */ = {
			isa = PBXProject;
			buildConfigurationList = C01FCF4E08A954540054247B /* Build configuration list for PBXProject "project" */;
			compatibilityVersion = "Xcode 3.1";
			hasScannedForEncodings = 1;
			mainGroup = 29B97314FDCFA39411CA2CEA /* CustomTemplate */;
			projectDirPath = "";
			projectRoot = "";
			targets = (
				1D6058900D05DD3D006BFB54 /* project */,
			);
		};
/* End PBXProject section */

/* Begin PBXResourcesBuildPhase section */
		1D60588D0D05DD3D006BFB54 /* Resources */ = {
			isa = PBXResourcesBuildPhase;
			buildActionMask = 2147483647;
			files = (
				28AD733F0D9D9553002E5188 /* MainWindow.xib in Resources */,
				C9F2D0BD11B695A300F16BF3 /* readme.txt in Resources */,
			);
			runOnlyForDeploymentPostprocessing = 0;
		};
/* End PBXResourcesBuildPhase section */

/* Begin PBXSourcesBuildPhase section */
		1D60588E0D05DD3D006BFB54 /* Sources */ = {
			isa = PBXSourcesBuildPhase;
			buildActionMask = 2147483647;
			files = (
				C9E4C71F11B66A1B0092185F /* Delegate.mm in Sources */,
				C9E4C72011B66A1B0092185F /* main.m in Sources */,
				C9E4C78C11B684DD0092185F /* Application.cpp in Sources */,
				C9F2D09311B6944100F16BF3 /* SceneManager.cpp in Sources */,
				C9F2D0BE11B695A300F16BF3 /* mmgr.cpp in Sources */,
			);
			runOnlyForDeploymentPostprocessing = 0;
		};
/* End PBXSourcesBuildPhase section */

/* Begin XCBuildConfiguration section */
		1D6058940D05DD3E006BFB54 /* Debug */ = {
			isa = XCBuildConfiguration;
			buildSettings = {
				ALWAYS_SEARCH_USER_PATHS = NO;
				COPY_PHASE_STRIP = NO;
				GCC_DYNAMIC_NO_PIC = NO;
				GCC_OPTIMIZATION_LEVEL = 0;
				GCC_PRECOMPILE_PREFIX_HEADER = YES;
				GCC_PREFIX_HEADER = project_Prefix.pch;
				INFOPLIST_FILE = Info.plist;
				PRODUCT_NAME = project;
			};
			name = Debug;
		};
		1D6058950D05DD3E006BFB54 /* Release */ = {
			isa = XCBuildConfiguration;
			buildSettings = {
				ALWAYS_SEARCH_USER_PATHS = NO;
				COPY_PHASE_STRIP = YES;
				GCC_PRECOMPILE_PREFIX_HEADER = YES;
				GCC_PREFIX_HEADER = project_Prefix.pch;
				INFOPLIST_FILE = Info.plist;
				PRODUCT_NAME = project;
			};
			name = Release;
		};
		C01FCF4F08A954540054247B /* Debug */ = {
			isa = XCBuildConfiguration;
			buildSettings = {
				ARCHS = "$(ARCHS_STANDARD_32_BIT)";
				"CODE_SIGN_IDENTITY[sdk=iphoneos*]" = "iPhone Developer";
				GCC_C_LANGUAGE_STANDARD = c99;
				GCC_WARN_ABOUT_RETURN_TYPE = YES;
				GCC_WARN_UNUSED_VARIABLE = YES;
				HEADER_SEARCH_PATHS = ../../Include;
				LIBRARY_SEARCH_PATHS = ../../Libraries;
				ONLY_ACTIVE_ARCH = YES;
				PREBINDING = NO;
				SDKROOT = iphoneos2.2.1;
			};
			name = Debug;
		};
		C01FCF5008A954540054247B /* Release */ = {
			isa = XCBuildConfiguration;
			buildSettings = {
				ARCHS = "$(ARCHS_STANDARD_32_BIT)";
				"CODE_SIGN_IDENTITY[sdk=iphoneos*]" = "iPhone Developer";
				GCC_C_LANGUAGE_STANDARD = c99;
				GCC_WARN_ABOUT_RETURN_TYPE = YES;
				GCC_WARN_UNUSED_VARIABLE = YES;
				HEADER_SEARCH_PATHS = ../../Include;
				LIBRARY_SEARCH_PATHS = ../../Libraries;
				PREBINDING = NO;
				SDKROOT = iphoneos2.2.1;
			};
			name = Release;
		};
/* End XCBuildConfiguration section */

/* Begin XCConfigurationList section */
		1D6058960D05DD3E006BFB54 /* Build configuration list for PBXNativeTarget "project" */ = {
			isa = XCConfigurationList;
			buildConfigurations = (
				1D6058940D05DD3E006BFB54 /* Debug */,
				1D6058950D05DD3E006BFB54 /* Release */,
			);
			defaultConfigurationIsVisible = 0;
			defaultConfigurationName = Release;
		};
		C01FCF4E08A954540054247B /* Build configuration list for PBXProject "project" */ = {
			isa = XCConfigurationList;
			buildConfigurations = (
				C01FCF4F08A954540054247B /* Debug */,
				C01FCF5008A954540054247B /* Release */,
			);
			defaultConfigurationIsVisible = 0;
			defaultConfigurationName = Release;
		};
/* End XCConfigurationList section */
	};
	rootObject = 29B97313FDCFA39411CA2CEA /* Project object */;
}
